
Microsoft Visual Studio Solution File, Format Version 12.00
Project("{2150E333-8FDC-42A3-9474-1A3956D46DE8}") = "src", "src", "{0623BF6B-E7DD-4DE0-A794-16C9A39B02EC}"
EndProject
Project("{2150E333-8FDC-42A3-9474-1A3956D46DE8}") = "test", "test", "{A19E3CC6-A81D-4B43-9E46-40329127E637}"
EndProject
Project("{FAE04EC0-301F-11D3-BF4B-00C04F79EFBC}") = "RedShirt.Example.JobWorker", "src\RedShirt.Example.JobWorker\RedShirt.Example.JobWorker.csproj", "{81C22C57-1441-4DC0-9953-47434B802572}"
EndProject
Project("{FAE04EC0-301F-11D3-BF4B-00C04F79EFBC}") = "RedShirt.Example.JobWorker.Core", "src\RedShirt.Example.JobWorker.Core\RedShirt.Example.JobWorker.Core.csproj", "{E7DD2856-E8F6-45EE-804B-0E1FCFD4CA74}"
EndProject
Project("{FAE04EC0-301F-11D3-BF4B-00C04F79EFBC}") = "RedShirt.Example.JobWorker.JobManagement.Sqs", "src\RedShirt.Example.JobWorker.JobManagement.Sqs\RedShirt.Example.JobWorker.JobManagement.Sqs.csproj", "{4F4859A8-1D3D-48D8-84BC-D5ADAAABC3E7}"
EndProject
Project("{FAE04EC0-301F-11D3-BF4B-00C04F79EFBC}") = "RedShirt.Example.JobWorker.Core.UnitTests", "test\RedShirt.Example.JobWorker.Core.UnitTests\RedShirt.Example.JobWorker.Core.UnitTests.csproj", "{2B3C7006-6333-466A-A359-A70E29E2BB58}"
EndProject
Project("{FAE04EC0-301F-11D3-BF4B-00C04F79EFBC}") = "RedShirt.Example.JobWorker.UnitTests", "test\RedShirt.Example.JobWorker.UnitTests\RedShirt.Example.JobWorker.UnitTests.csproj", "{12A61D39-51AB-4066-9FF1-5EA77E022C23}"
EndProject
Project("{FAE04EC0-301F-11D3-BF4B-00C04F79EFBC}") = "RedShirt.Example.JobWorker.Core.Logic", "src\RedShirt.Example.JobWorker.Core.Logic\RedShirt.Example.JobWorker.Core.Logic.csproj", "{C950C6B7-D9E5-4D55-8AC1-DB2D3D20BB10}"
EndProject
Project("{FAE04EC0-301F-11D3-BF4B-00C04F79EFBC}") = "RedShirt.Example.JobWorker.IntegrationTests", "test\RedShirt.Example.JobWorker.IntegrationTests\RedShirt.Example.JobWorker.IntegrationTests.csproj", "{681C0BC0-5F00-4516-AFB0-29CBAFC21FB4}"
EndProject
Project("{2150E333-8FDC-42A3-9474-1A3956D46DE8}") = "Solution Items", "Solution Items", "{CCB447F9-CA85-462E-A5A5-771B50E0F48E}"
	ProjectSection(SolutionItems) = preProject
		Dockerfile = Dockerfile
		README.md = README.md
	EndProjectSection
EndProject
Project("{FAE04EC0-301F-11D3-BF4B-00C04F79EFBC}") = "RedShirt.Example.JobWorker.JobManagement.Kinesis", "src\RedShirt.Example.JobWorker.JobManagement.Kinesis\RedShirt.Example.JobWorker.JobManagement.Kinesis.csproj", "{A390FFBC-559B-4F85-9A32-B664BF330D1F}"
EndProject
Project("{FAE04EC0-301F-11D3-BF4B-00C04F79EFBC}") = "RedShirt.Example.JobWorker.JobManagement.Kinesis.UnitTests", "test\RedShirt.Example.JobWorker.JobManagement.Kinesis.UnitTests\RedShirt.Example.JobWorker.JobManagement.Kinesis.UnitTests.csproj", "{85FD097D-868D-4F09-B2D3-520C06799F4A}"
EndProject
Project("{FAE04EC0-301F-11D3-BF4B-00C04F79EFBC}") = "RedShirt.Example.JobWorker.JobManagement.Sqs.UnitTests", "test\RedShirt.Example.JobWorker.JobManagement.Sqs.UnitTests\RedShirt.Example.JobWorker.JobManagement.Sqs.UnitTests.csproj", "{824673B9-FE9C-4D82-9171-47F14D6CEED0}"
EndProject
Project("{FAE04EC0-301F-11D3-BF4B-00C04F79EFBC}") = "RedShirt.Example.JobWorker.Common.Aws", "src\RedShirt.Example.JobWorker.Common.Aws\RedShirt.Example.JobWorker.Common.Aws.csproj", "{1A8B9E8D-D8CD-49D3-B324-B2C9FB5D085C}"
EndProject
Project("{FAE04EC0-301F-11D3-BF4B-00C04F79EFBC}") = "RedShirt.Example.JobWorker.JobManagement.RabbitMq", "src\RedShirt.Example.JobWorker.JobManagement.RabbitMq\RedShirt.Example.JobWorker.JobManagement.RabbitMq.csproj", "{D821FB99-0DF2-4359-A83D-F393A73A7108}"
EndProject
Project("{FAE04EC0-301F-11D3-BF4B-00C04F79EFBC}") = "RedShirt.Example.JobWorker.JobManagement.RabbitMq.ConfigurationStorage.Ssm", "src\RedShirt.Example.JobWorker.JobManagement.RabbitMq.ConfigurationStorage.Ssm\RedShirt.Example.JobWorker.JobManagement.RabbitMq.ConfigurationStorage.Ssm.csproj", "{8975CCA7-A114-4370-9351-45388CA19455}"
EndProject
Project("{FAE04EC0-301F-11D3-BF4B-00C04F79EFBC}") = "RedShirt.Example.JobWorker.JobManagement.RabbitMq.UnitTests", "test\RedShirt.Example.JobWorker.JobManagement.RabbitMq.UnitTests\RedShirt.Example.JobWorker.JobManagement.RabbitMq.UnitTests.csproj", "{268BF574-5EFD-4C68-94DC-9A31D935E220}"
EndProject
Project("{FAE04EC0-301F-11D3-BF4B-00C04F79EFBC}") = "RedShirt.Example.JobWorker.JobManagement.RabbitMq.ConfigurationStorage.Ssm.UnitTests", "test\RedShirt.Example.JobWorker.JobManagement.RabbitMq.ConfigurationStorage.Ssm.UnitTests\RedShirt.Example.JobWorker.JobManagement.RabbitMq.ConfigurationStorage.Ssm.UnitTests.csproj", "{9AF2016D-C8F3-4896-AD6A-C25ECE751060}"
EndProject
Project("{FAE04EC0-301F-11D3-BF4B-00C04F79EFBC}") = "RedShirt.Example.JobWorker.Common.Aws.UnitTests", "test\RedShirt.Example.JobWorker.Common.Aws.UnitTests\RedShirt.Example.JobWorker.Common.Aws.UnitTests.csproj", "{EC09D0B8-C494-44E0-BEDE-0FD26E37AF19}"
EndProject
Project("{FAE04EC0-301F-11D3-BF4B-00C04F79EFBC}") = "RedShirt.Example.JobWorker.Core.Logic.UnitTests", "test\RedShirt.Example.JobWorker.Core.Logic.UnitTests\RedShirt.Example.JobWorker.Core.Logic.UnitTests.csproj", "{D1432770-8C8B-4A8F-9CA8-F16B6C8279CE}"
EndProject
Project("{FAE04EC0-301F-11D3-BF4B-00C04F79EFBC}") = "RedShirt.Example.JobWorker.JobManagement.ActiveMq", "src\RedShirt.Example.JobWorker.JobManagement.ActiveMq\RedShirt.Example.JobWorker.JobManagement.ActiveMq.csproj", "{1B2D9F6C-6D52-4D3A-AC28-EB707044DB55}"
EndProject
Project("{FAE04EC0-301F-11D3-BF4B-00C04F79EFBC}") = "RedShirt.Example.JobWorker.JobManagement.ActiveMq.ConfigurationStorage.Ssm", "src\RedShirt.Example.JobWorker.JobManagement.ActiveMq.ConfigurationStorage.Ssm\RedShirt.Example.JobWorker.JobManagement.ActiveMq.ConfigurationStorage.Ssm.csproj", "{7535444A-3BDD-4708-97E2-179958E34777}"
EndProject
Project("{FAE04EC0-301F-11D3-BF4B-00C04F79EFBC}") = "RedShirt.Example.JobWorker.JobManagement.ActiveMq.UnitTests", "test\RedShirt.Example.JobWorker.JobManagement.ActiveMq.UnitTests\RedShirt.Example.JobWorker.JobManagement.ActiveMq.UnitTests.csproj", "{75839C4A-3B71-47CB-B8B0-F998FC6EEFE8}"
EndProject
Project("{FAE04EC0-301F-11D3-BF4B-00C04F79EFBC}") = "RedShirt.Example.JobWorker.JobManagement.ActiveMq.ConfigurationStorage.Ssm.UnitTests", "test\RedShirt.Example.JobWorker.JobManagement.ActiveMq.ConfigurationStorage.Ssm.UnitTests\RedShirt.Example.JobWorker.JobManagement.ActiveMq.ConfigurationStorage.Ssm.UnitTests.csproj", "{A12B8E63-FA0F-4231-A136-7D5C1B00FE5E}"
EndProject
Project("{FAE04EC0-301F-11D3-BF4B-00C04F79EFBC}") = "RedShirt.Example.JobWorker.JobManagement.Nats", "src\RedShirt.Example.JobWorker.JobManagement.Nats\RedShirt.Example.JobWorker.JobManagement.Nats.csproj", "{22876E5C-32C1-48E1-8671-5095752E930A}"
EndProject
Project("{FAE04EC0-301F-11D3-BF4B-00C04F79EFBC}") = "RedShirt.Example.JobWorker.JobManagement.Nats.CredentialStorage.Ssm", "src\RedShirt.Example.JobWorker.JobManagement.Nats.CredentialStorage.Ssm\RedShirt.Example.JobWorker.JobManagement.Nats.CredentialStorage.Ssm.csproj", "{122A6489-D4D1-46F1-BD87-D28A59F91FDD}"
EndProject
Project("{FAE04EC0-301F-11D3-BF4B-00C04F79EFBC}") = "RedShirt.Example.JobWorker.JobManagement.Nats.UnitTests", "test\RedShirt.Example.JobWorker.JobManagement.Nats.UnitTests\RedShirt.Example.JobWorker.JobManagement.Nats.UnitTests.csproj", "{5F4983D7-6134-4605-80D1-227594B04509}"
EndProject
Project("{FAE04EC0-301F-11D3-BF4B-00C04F79EFBC}") = "RedShirt.Example.JobWorker.JobManagement.Nats.CredentialStorage.Ssm.UnitTests", "test\RedShirt.Example.JobWorker.JobManagement.Nats.CredentialStorage.Ssm.UnitTests\RedShirt.Example.JobWorker.JobManagement.Nats.CredentialStorage.Ssm.UnitTests.csproj", "{4B50CD77-E7B6-4418-854A-4567D9926AFE}"
EndProject
Project("{FAE04EC0-301F-11D3-BF4B-00C04F79EFBC}") = "RedShirt.Example.JobWorker.JobManagement.AzureQueue", "src\RedShirt.Example.JobWorker.JobManagement.AzureQueue\RedShirt.Example.JobWorker.JobManagement.AzureQueue.csproj", "{7DF0CE23-0015-4F81-A978-982EF89DF634}"
EndProject
Project("{FAE04EC0-301F-11D3-BF4B-00C04F79EFBC}") = "RedShirt.Example.JobWorker.JobManagement.AzureQueue.UnitTests", "test\RedShirt.Example.JobWorker.JobManagement.AzureQueue.UnitTests\RedShirt.Example.JobWorker.JobManagement.AzureQueue.UnitTests.csproj", "{6934DEE9-82DB-46E4-BDDD-A83206E67D23}"
EndProject
Project("{FAE04EC0-301F-11D3-BF4B-00C04F79EFBC}") = "RedShirt.Example.JobWorker.JobManagement.AzureServiceBus", "src\RedShirt.Example.JobWorker.JobManagement.AzureServiceBus\RedShirt.Example.JobWorker.JobManagement.AzureServiceBus.csproj", "{E48CC468-5EFE-4E45-AB66-0C798A0611E7}"
EndProject
Project("{FAE04EC0-301F-11D3-BF4B-00C04F79EFBC}") = "RedShirt.Example.JobWorker.JobManagement.AzureServiceBus.UnitTests", "test\RedShirt.Example.JobWorker.JobManagement.AzureServiceBus.UnitTests\RedShirt.Example.JobWorker.JobManagement.AzureServiceBus.UnitTests.csproj", "{7E784137-4513-476B-8028-E186CEDFC93E}"
EndProject
Global
	GlobalSection(SolutionConfigurationPlatforms) = preSolution
		Debug|Any CPU = Debug|Any CPU
		Release|Any CPU = Release|Any CPU
	EndGlobalSection
	GlobalSection(NestedProjects) = preSolution
		{81C22C57-1441-4DC0-9953-47434B802572} = {0623BF6B-E7DD-4DE0-A794-16C9A39B02EC}
		{E7DD2856-E8F6-45EE-804B-0E1FCFD4CA74} = {0623BF6B-E7DD-4DE0-A794-16C9A39B02EC}
		{4F4859A8-1D3D-48D8-84BC-D5ADAAABC3E7} = {0623BF6B-E7DD-4DE0-A794-16C9A39B02EC}
		{2B3C7006-6333-466A-A359-A70E29E2BB58} = {A19E3CC6-A81D-4B43-9E46-40329127E637}
		{12A61D39-51AB-4066-9FF1-5EA77E022C23} = {A19E3CC6-A81D-4B43-9E46-40329127E637}
		{C950C6B7-D9E5-4D55-8AC1-DB2D3D20BB10} = {0623BF6B-E7DD-4DE0-A794-16C9A39B02EC}
		{681C0BC0-5F00-4516-AFB0-29CBAFC21FB4} = {A19E3CC6-A81D-4B43-9E46-40329127E637}
		{A390FFBC-559B-4F85-9A32-B664BF330D1F} = {0623BF6B-E7DD-4DE0-A794-16C9A39B02EC}
		{85FD097D-868D-4F09-B2D3-520C06799F4A} = {A19E3CC6-A81D-4B43-9E46-40329127E637}
		{824673B9-FE9C-4D82-9171-47F14D6CEED0} = {A19E3CC6-A81D-4B43-9E46-40329127E637}
		{1A8B9E8D-D8CD-49D3-B324-B2C9FB5D085C} = {0623BF6B-E7DD-4DE0-A794-16C9A39B02EC}
		{D821FB99-0DF2-4359-A83D-F393A73A7108} = {0623BF6B-E7DD-4DE0-A794-16C9A39B02EC}
		{8975CCA7-A114-4370-9351-45388CA19455} = {0623BF6B-E7DD-4DE0-A794-16C9A39B02EC}
		{268BF574-5EFD-4C68-94DC-9A31D935E220} = {A19E3CC6-A81D-4B43-9E46-40329127E637}
		{9AF2016D-C8F3-4896-AD6A-C25ECE751060} = {A19E3CC6-A81D-4B43-9E46-40329127E637}
		{EC09D0B8-C494-44E0-BEDE-0FD26E37AF19} = {A19E3CC6-A81D-4B43-9E46-40329127E637}
		{D1432770-8C8B-4A8F-9CA8-F16B6C8279CE} = {A19E3CC6-A81D-4B43-9E46-40329127E637}
		{1B2D9F6C-6D52-4D3A-AC28-EB707044DB55} = {0623BF6B-E7DD-4DE0-A794-16C9A39B02EC}
		{7535444A-3BDD-4708-97E2-179958E34777} = {0623BF6B-E7DD-4DE0-A794-16C9A39B02EC}
		{75839C4A-3B71-47CB-B8B0-F998FC6EEFE8} = {A19E3CC6-A81D-4B43-9E46-40329127E637}
		{A12B8E63-FA0F-4231-A136-7D5C1B00FE5E} = {A19E3CC6-A81D-4B43-9E46-40329127E637}
		{22876E5C-32C1-48E1-8671-5095752E930A} = {0623BF6B-E7DD-4DE0-A794-16C9A39B02EC}
		{122A6489-D4D1-46F1-BD87-D28A59F91FDD} = {0623BF6B-E7DD-4DE0-A794-16C9A39B02EC}
		{5F4983D7-6134-4605-80D1-227594B04509} = {A19E3CC6-A81D-4B43-9E46-40329127E637}
		{4B50CD77-E7B6-4418-854A-4567D9926AFE} = {A19E3CC6-A81D-4B43-9E46-40329127E637}
		{7DF0CE23-0015-4F81-A978-982EF89DF634} = {0623BF6B-E7DD-4DE0-A794-16C9A39B02EC}
		{6934DEE9-82DB-46E4-BDDD-A83206E67D23} = {A19E3CC6-A81D-4B43-9E46-40329127E637}
		{E48CC468-5EFE-4E45-AB66-0C798A0611E7} = {0623BF6B-E7DD-4DE0-A794-16C9A39B02EC}
		{7E784137-4513-476B-8028-E186CEDFC93E} = {A19E3CC6-A81D-4B43-9E46-40329127E637}
	EndGlobalSection
	GlobalSection(ProjectConfigurationPlatforms) = postSolution
		{81C22C57-1441-4DC0-9953-47434B802572}.Debug|Any CPU.ActiveCfg = Debug|Any CPU
		{81C22C57-1441-4DC0-9953-47434B802572}.Debug|Any CPU.Build.0 = Debug|Any CPU
		{81C22C57-1441-4DC0-9953-47434B802572}.Release|Any CPU.ActiveCfg = Release|Any CPU
		{81C22C57-1441-4DC0-9953-47434B802572}.Release|Any CPU.Build.0 = Release|Any CPU
		{E7DD2856-E8F6-45EE-804B-0E1FCFD4CA74}.Debug|Any CPU.ActiveCfg = Debug|Any CPU
		{E7DD2856-E8F6-45EE-804B-0E1FCFD4CA74}.Debug|Any CPU.Build.0 = Debug|Any CPU
		{E7DD2856-E8F6-45EE-804B-0E1FCFD4CA74}.Release|Any CPU.ActiveCfg = Release|Any CPU
		{E7DD2856-E8F6-45EE-804B-0E1FCFD4CA74}.Release|Any CPU.Build.0 = Release|Any CPU
		{4F4859A8-1D3D-48D8-84BC-D5ADAAABC3E7}.Debug|Any CPU.ActiveCfg = Debug|Any CPU
		{4F4859A8-1D3D-48D8-84BC-D5ADAAABC3E7}.Debug|Any CPU.Build.0 = Debug|Any CPU
		{4F4859A8-1D3D-48D8-84BC-D5ADAAABC3E7}.Release|Any CPU.ActiveCfg = Release|Any CPU
		{4F4859A8-1D3D-48D8-84BC-D5ADAAABC3E7}.Release|Any CPU.Build.0 = Release|Any CPU
		{2B3C7006-6333-466A-A359-A70E29E2BB58}.Debug|Any CPU.ActiveCfg = Debug|Any CPU
		{2B3C7006-6333-466A-A359-A70E29E2BB58}.Debug|Any CPU.Build.0 = Debug|Any CPU
		{2B3C7006-6333-466A-A359-A70E29E2BB58}.Release|Any CPU.ActiveCfg = Release|Any CPU
		{2B3C7006-6333-466A-A359-A70E29E2BB58}.Release|Any CPU.Build.0 = Release|Any CPU
		{12A61D39-51AB-4066-9FF1-5EA77E022C23}.Debug|Any CPU.ActiveCfg = Debug|Any CPU
		{12A61D39-51AB-4066-9FF1-5EA77E022C23}.Debug|Any CPU.Build.0 = Debug|Any CPU
		{12A61D39-51AB-4066-9FF1-5EA77E022C23}.Release|Any CPU.ActiveCfg = Release|Any CPU
		{12A61D39-51AB-4066-9FF1-5EA77E022C23}.Release|Any CPU.Build.0 = Release|Any CPU
		{C950C6B7-D9E5-4D55-8AC1-DB2D3D20BB10}.Debug|Any CPU.ActiveCfg = Debug|Any CPU
		{C950C6B7-D9E5-4D55-8AC1-DB2D3D20BB10}.Debug|Any CPU.Build.0 = Debug|Any CPU
		{C950C6B7-D9E5-4D55-8AC1-DB2D3D20BB10}.Release|Any CPU.ActiveCfg = Release|Any CPU
		{C950C6B7-D9E5-4D55-8AC1-DB2D3D20BB10}.Release|Any CPU.Build.0 = Release|Any CPU
		{681C0BC0-5F00-4516-AFB0-29CBAFC21FB4}.Debug|Any CPU.ActiveCfg = Debug|Any CPU
		{681C0BC0-5F00-4516-AFB0-29CBAFC21FB4}.Debug|Any CPU.Build.0 = Debug|Any CPU
		{681C0BC0-5F00-4516-AFB0-29CBAFC21FB4}.Release|Any CPU.ActiveCfg = Release|Any CPU
		{681C0BC0-5F00-4516-AFB0-29CBAFC21FB4}.Release|Any CPU.Build.0 = Release|Any CPU
		{A390FFBC-559B-4F85-9A32-B664BF330D1F}.Debug|Any CPU.ActiveCfg = Debug|Any CPU
		{A390FFBC-559B-4F85-9A32-B664BF330D1F}.Debug|Any CPU.Build.0 = Debug|Any CPU
		{A390FFBC-559B-4F85-9A32-B664BF330D1F}.Release|Any CPU.ActiveCfg = Release|Any CPU
		{A390FFBC-559B-4F85-9A32-B664BF330D1F}.Release|Any CPU.Build.0 = Release|Any CPU
		{85FD097D-868D-4F09-B2D3-520C06799F4A}.Debug|Any CPU.ActiveCfg = Debug|Any CPU
		{85FD097D-868D-4F09-B2D3-520C06799F4A}.Debug|Any CPU.Build.0 = Debug|Any CPU
		{85FD097D-868D-4F09-B2D3-520C06799F4A}.Release|Any CPU.ActiveCfg = Release|Any CPU
		{85FD097D-868D-4F09-B2D3-520C06799F4A}.Release|Any CPU.Build.0 = Release|Any CPU
		{824673B9-FE9C-4D82-9171-47F14D6CEED0}.Debug|Any CPU.ActiveCfg = Debug|Any CPU
		{824673B9-FE9C-4D82-9171-47F14D6CEED0}.Debug|Any CPU.Build.0 = Debug|Any CPU
		{824673B9-FE9C-4D82-9171-47F14D6CEED0}.Release|Any CPU.ActiveCfg = Release|Any CPU
		{824673B9-FE9C-4D82-9171-47F14D6CEED0}.Release|Any CPU.Build.0 = Release|Any CPU
		{1A8B9E8D-D8CD-49D3-B324-B2C9FB5D085C}.Debug|Any CPU.ActiveCfg = Debug|Any CPU
		{1A8B9E8D-D8CD-49D3-B324-B2C9FB5D085C}.Debug|Any CPU.Build.0 = Debug|Any CPU
		{1A8B9E8D-D8CD-49D3-B324-B2C9FB5D085C}.Release|Any CPU.ActiveCfg = Release|Any CPU
		{1A8B9E8D-D8CD-49D3-B324-B2C9FB5D085C}.Release|Any CPU.Build.0 = Release|Any CPU
		{D821FB99-0DF2-4359-A83D-F393A73A7108}.Debug|Any CPU.ActiveCfg = Debug|Any CPU
		{D821FB99-0DF2-4359-A83D-F393A73A7108}.Debug|Any CPU.Build.0 = Debug|Any CPU
		{D821FB99-0DF2-4359-A83D-F393A73A7108}.Release|Any CPU.ActiveCfg = Release|Any CPU
		{D821FB99-0DF2-4359-A83D-F393A73A7108}.Release|Any CPU.Build.0 = Release|Any CPU
		{8975CCA7-A114-4370-9351-45388CA19455}.Debug|Any CPU.ActiveCfg = Debug|Any CPU
		{8975CCA7-A114-4370-9351-45388CA19455}.Debug|Any CPU.Build.0 = Debug|Any CPU
		{8975CCA7-A114-4370-9351-45388CA19455}.Release|Any CPU.ActiveCfg = Release|Any CPU
		{8975CCA7-A114-4370-9351-45388CA19455}.Release|Any CPU.Build.0 = Release|Any CPU
		{268BF574-5EFD-4C68-94DC-9A31D935E220}.Debug|Any CPU.ActiveCfg = Debug|Any CPU
		{268BF574-5EFD-4C68-94DC-9A31D935E220}.Debug|Any CPU.Build.0 = Debug|Any CPU
		{268BF574-5EFD-4C68-94DC-9A31D935E220}.Release|Any CPU.ActiveCfg = Release|Any CPU
		{268BF574-5EFD-4C68-94DC-9A31D935E220}.Release|Any CPU.Build.0 = Release|Any CPU
		{9AF2016D-C8F3-4896-AD6A-C25ECE751060}.Debug|Any CPU.ActiveCfg = Debug|Any CPU
		{9AF2016D-C8F3-4896-AD6A-C25ECE751060}.Debug|Any CPU.Build.0 = Debug|Any CPU
		{9AF2016D-C8F3-4896-AD6A-C25ECE751060}.Release|Any CPU.ActiveCfg = Release|Any CPU
		{9AF2016D-C8F3-4896-AD6A-C25ECE751060}.Release|Any CPU.Build.0 = Release|Any CPU
		{EC09D0B8-C494-44E0-BEDE-0FD26E37AF19}.Debug|Any CPU.ActiveCfg = Debug|Any CPU
		{EC09D0B8-C494-44E0-BEDE-0FD26E37AF19}.Debug|Any CPU.Build.0 = Debug|Any CPU
		{EC09D0B8-C494-44E0-BEDE-0FD26E37AF19}.Release|Any CPU.ActiveCfg = Release|Any CPU
		{EC09D0B8-C494-44E0-BEDE-0FD26E37AF19}.Release|Any CPU.Build.0 = Release|Any CPU
		{D1432770-8C8B-4A8F-9CA8-F16B6C8279CE}.Debug|Any CPU.ActiveCfg = Debug|Any CPU
		{D1432770-8C8B-4A8F-9CA8-F16B6C8279CE}.Debug|Any CPU.Build.0 = Debug|Any CPU
		{D1432770-8C8B-4A8F-9CA8-F16B6C8279CE}.Release|Any CPU.ActiveCfg = Release|Any CPU
		{D1432770-8C8B-4A8F-9CA8-F16B6C8279CE}.Release|Any CPU.Build.0 = Release|Any CPU
		{1B2D9F6C-6D52-4D3A-AC28-EB707044DB55}.Debug|Any CPU.ActiveCfg = Debug|Any CPU
		{1B2D9F6C-6D52-4D3A-AC28-EB707044DB55}.Debug|Any CPU.Build.0 = Debug|Any CPU
		{1B2D9F6C-6D52-4D3A-AC28-EB707044DB55}.Release|Any CPU.ActiveCfg = Release|Any CPU
		{1B2D9F6C-6D52-4D3A-AC28-EB707044DB55}.Release|Any CPU.Build.0 = Release|Any CPU
		{7535444A-3BDD-4708-97E2-179958E34777}.Debug|Any CPU.ActiveCfg = Debug|Any CPU
		{7535444A-3BDD-4708-97E2-179958E34777}.Debug|Any CPU.Build.0 = Debug|Any CPU
		{7535444A-3BDD-4708-97E2-179958E34777}.Release|Any CPU.ActiveCfg = Release|Any CPU
		{7535444A-3BDD-4708-97E2-179958E34777}.Release|Any CPU.Build.0 = Release|Any CPU
		{75839C4A-3B71-47CB-B8B0-F998FC6EEFE8}.Debug|Any CPU.ActiveCfg = Debug|Any CPU
		{75839C4A-3B71-47CB-B8B0-F998FC6EEFE8}.Debug|Any CPU.Build.0 = Debug|Any CPU
		{75839C4A-3B71-47CB-B8B0-F998FC6EEFE8}.Release|Any CPU.ActiveCfg = Release|Any CPU
		{75839C4A-3B71-47CB-B8B0-F998FC6EEFE8}.Release|Any CPU.Build.0 = Release|Any CPU
		{A12B8E63-FA0F-4231-A136-7D5C1B00FE5E}.Debug|Any CPU.ActiveCfg = Debug|Any CPU
		{A12B8E63-FA0F-4231-A136-7D5C1B00FE5E}.Debug|Any CPU.Build.0 = Debug|Any CPU
		{A12B8E63-FA0F-4231-A136-7D5C1B00FE5E}.Release|Any CPU.ActiveCfg = Release|Any CPU
		{A12B8E63-FA0F-4231-A136-7D5C1B00FE5E}.Release|Any CPU.Build.0 = Release|Any CPU
		{22876E5C-32C1-48E1-8671-5095752E930A}.Debug|Any CPU.ActiveCfg = Debug|Any CPU
		{22876E5C-32C1-48E1-8671-5095752E930A}.Debug|Any CPU.Build.0 = Debug|Any CPU
		{22876E5C-32C1-48E1-8671-5095752E930A}.Release|Any CPU.ActiveCfg = Release|Any CPU
		{22876E5C-32C1-48E1-8671-5095752E930A}.Release|Any CPU.Build.0 = Release|Any CPU
		{122A6489-D4D1-46F1-BD87-D28A59F91FDD}.Debug|Any CPU.ActiveCfg = Debug|Any CPU
		{122A6489-D4D1-46F1-BD87-D28A59F91FDD}.Debug|Any CPU.Build.0 = Debug|Any CPU
		{122A6489-D4D1-46F1-BD87-D28A59F91FDD}.Release|Any CPU.ActiveCfg = Release|Any CPU
		{122A6489-D4D1-46F1-BD87-D28A59F91FDD}.Release|Any CPU.Build.0 = Release|Any CPU
		{5F4983D7-6134-4605-80D1-227594B04509}.Debug|Any CPU.ActiveCfg = Debug|Any CPU
		{5F4983D7-6134-4605-80D1-227594B04509}.Debug|Any CPU.Build.0 = Debug|Any CPU
		{5F4983D7-6134-4605-80D1-227594B04509}.Release|Any CPU.ActiveCfg = Release|Any CPU
		{5F4983D7-6134-4605-80D1-227594B04509}.Release|Any CPU.Build.0 = Release|Any CPU
		{4B50CD77-E7B6-4418-854A-4567D9926AFE}.Debug|Any CPU.ActiveCfg = Debug|Any CPU
		{4B50CD77-E7B6-4418-854A-4567D9926AFE}.Debug|Any CPU.Build.0 = Debug|Any CPU
		{4B50CD77-E7B6-4418-854A-4567D9926AFE}.Release|Any CPU.ActiveCfg = Release|Any CPU
		{4B50CD77-E7B6-4418-854A-4567D9926AFE}.Release|Any CPU.Build.0 = Release|Any CPU
		{7DF0CE23-0015-4F81-A978-982EF89DF634}.Debug|Any CPU.ActiveCfg = Debug|Any CPU
		{7DF0CE23-0015-4F81-A978-982EF89DF634}.Debug|Any CPU.Build.0 = Debug|Any CPU
		{7DF0CE23-0015-4F81-A978-982EF89DF634}.Release|Any CPU.ActiveCfg = Release|Any CPU
		{7DF0CE23-0015-4F81-A978-982EF89DF634}.Release|Any CPU.Build.0 = Release|Any CPU
		{6934DEE9-82DB-46E4-BDDD-A83206E67D23}.Debug|Any CPU.ActiveCfg = Debug|Any CPU
		{6934DEE9-82DB-46E4-BDDD-A83206E67D23}.Debug|Any CPU.Build.0 = Debug|Any CPU
		{6934DEE9-82DB-46E4-BDDD-A83206E67D23}.Release|Any CPU.ActiveCfg = Release|Any CPU
		{6934DEE9-82DB-46E4-BDDD-A83206E67D23}.Release|Any CPU.Build.0 = Release|Any CPU
		{E48CC468-5EFE-4E45-AB66-0C798A0611E7}.Debug|Any CPU.ActiveCfg = Debug|Any CPU
		{E48CC468-5EFE-4E45-AB66-0C798A0611E7}.Debug|Any CPU.Build.0 = Debug|Any CPU
		{E48CC468-5EFE-4E45-AB66-0C798A0611E7}.Release|Any CPU.ActiveCfg = Release|Any CPU
		{E48CC468-5EFE-4E45-AB66-0C798A0611E7}.Release|Any CPU.Build.0 = Release|Any CPU
		{7E784137-4513-476B-8028-E186CEDFC93E}.Debug|Any CPU.ActiveCfg = Debug|Any CPU
		{7E784137-4513-476B-8028-E186CEDFC93E}.Debug|Any CPU.Build.0 = Debug|Any CPU
		{7E784137-4513-476B-8028-E186CEDFC93E}.Release|Any CPU.ActiveCfg = Release|Any CPU
		{7E784137-4513-476B-8028-E186CEDFC93E}.Release|Any CPU.Build.0 = Release|Any CPU
	EndGlobalSection
EndGlobal
